
Microsoft Visual Studio Solution File, Format Version 12.00
# Visual Studio Version 16
VisualStudioVersion = 16.0.30128.74
MinimumVisualStudioVersion = 10.0.40219.1
Project("{FAE04EC0-301F-11D3-BF4B-00C04F79EFBC}") = "SteveToFoodSql", "SteveToFoodSql\SteveToFoodSql.csproj", "{202443E5-E7A1-4BED-986F-4CC1C17C5B8E}"
EndProject
Project("{FAE04EC0-301F-11D3-BF4B-00C04F79EFBC}") = "SteveToFoodSql.Core", "SteveToFoodSql.Core\SteveToFoodSql.Core.csproj", "{243EBAA4-C1E0-4CB9-A03F-2A5C7DAB600B}"
EndProject
Project("{FAE04EC0-301F-11D3-BF4B-00C04F79EFBC}") = "SteveToFoodSql.Data", "SteveToFoodSql.Data\SteveToFoodSql.Data.csproj", "{DDE51152-E7EE-465A-BD71-DDA72C78F9BB}"
EndProject
Global
	GlobalSection(SolutionConfigurationPlatforms) = preSolution
		Debug|Any CPU = Debug|Any CPU
		Release|Any CPU = Release|Any CPU
	EndGlobalSection
	GlobalSection(ProjectConfigurationPlatforms) = postSolution
		{202443E5-E7A1-4BED-986F-4CC1C17C5B8E}.Debug|Any CPU.ActiveCfg = Debug|Any CPU
		{202443E5-E7A1-4BED-986F-4CC1C17C5B8E}.Debug|Any CPU.Build.0 = Debug|Any CPU
		{202443E5-E7A1-4BED-986F-4CC1C17C5B8E}.Release|Any CPU.ActiveCfg = Release|Any CPU
		{202443E5-E7A1-4BED-986F-4CC1C17C5B8E}.Release|Any CPU.Build.0 = Release|Any CPU
		{243EBAA4-C1E0-4CB9-A03F-2A5C7DAB600B}.Debug|Any CPU.ActiveCfg = Debug|Any CPU
		{243EBAA4-C1E0-4CB9-A03F-2A5C7DAB600B}.Debug|Any CPU.Build.0 = Debug|Any CPU
		{243EBAA4-C1E0-4CB9-A03F-2A5C7DAB600B}.Release|Any CPU.ActiveCfg = Release|Any CPU
		{243EBAA4-C1E0-4CB9-A03F-2A5C7DAB600B}.Release|Any CPU.Build.0 = Release|Any CPU
		{DDE51152-E7EE-465A-BD71-DDA72C78F9BB}.Debug|Any CPU.ActiveCfg = Debug|Any CPU
		{DDE51152-E7EE-465A-BD71-DDA72C78F9BB}.Debug|Any CPU.Build.0 = Debug|Any CPU
		{DDE51152-E7EE-465A-BD71-DDA72C78F9BB}.Release|Any CPU.ActiveCfg = Release|Any CPU
		{DDE51152-E7EE-465A-BD71-DDA72C78F9BB}.Release|Any CPU.Build.0 = Release|Any CPU
	EndGlobalSection
	GlobalSection(SolutionProperties) = preSolution
		HideSolutionNode = FALSE
	EndGlobalSection
	GlobalSection(ExtensibilityGlobals) = postSolution
		SolutionGuid = {8DF014EA-BC4F-4118-820A-F71FF2988AF5}
	EndGlobalSection
EndGlobal
